// !$*UTF8*$!
{
	archiveVersion = 1;
	classes = {
	};
	objectVersion = 50;
	objects = {

/* Begin PBXBuildFile section */
		CAEA863529891B1900796DAD /* AppDelegate.swift in Sources */ = {isa = PBXBuildFile; fileRef = CAEA863429891B1900796DAD /* AppDelegate.swift */; };
		CAEA863729891B1900796DAD /* SceneDelegate.swift in Sources */ = {isa = PBXBuildFile; fileRef = CAEA863629891B1900796DAD /* SceneDelegate.swift */; };
		CAEA863929891B1900796DAD /* ViewController.swift in Sources */ = {isa = PBXBuildFile; fileRef = CAEA863829891B1900796DAD /* ViewController.swift */; };
		CAEA863C29891B1900796DAD /* Main.storyboard in Resources */ = {isa = PBXBuildFile; fileRef = CAEA863A29891B1900796DAD /* Main.storyboard */; };
		CAEA863E29891B1A00796DAD /* Assets.xcassets in Resources */ = {isa = PBXBuildFile; fileRef = CAEA863D29891B1A00796DAD /* Assets.xcassets */; };
		CAEA864129891B1A00796DAD /* LaunchScreen.storyboard in Resources */ = {isa = PBXBuildFile; fileRef = CAEA863F29891B1A00796DAD /* LaunchScreen.storyboard */; };
		CAEA864929891C2F00796DAD /* MemoryCell.swift in Sources */ = {isa = PBXBuildFile; fileRef = CAEA864829891C2F00796DAD /* MemoryCell.swift */; };
		CAEA864B29891C5500796DAD /* DetailViewController.swift in Sources */ = {isa = PBXBuildFile; fileRef = CAEA864A29891C5500796DAD /* DetailViewController.swift */; };
		CAEA864D29891C6A00796DAD /* Memory.swift in Sources */ = {isa = PBXBuildFile; fileRef = CAEA864C29891C6A00796DAD /* Memory.swift */; };
/* End PBXBuildFile section */

/* Begin PBXFileReference section */
		CAEA863129891B1900796DAD /* Day50_Milestone.app */ = {isa = PBXFileReference; explicitFileType = wrapper.application; includeInIndex = 0; path = Day50_Milestone.app; sourceTree = BUILT_PRODUCTS_DIR; };
		CAEA863429891B1900796DAD /* AppDelegate.swift */ = {isa = PBXFileReference; lastKnownFileType = sourcecode.swift; path = AppDelegate.swift; sourceTree = "<group>"; };
		CAEA863629891B1900796DAD /* SceneDelegate.swift */ = {isa = PBXFileReference; lastKnownFileType = sourcecode.swift; path = SceneDelegate.swift; sourceTree = "<group>"; };
		CAEA863829891B1900796DAD /* ViewController.swift */ = {isa = PBXFileReference; lastKnownFileType = sourcecode.swift; path = ViewController.swift; sourceTree = "<group>"; };
		CAEA863B29891B1900796DAD /* Base */ = {isa = PBXFileReference; lastKnownFileType = file.storyboard; name = Base; path = Base.lproj/Main.storyboard; sourceTree = "<group>"; };
		CAEA863D29891B1A00796DAD /* Assets.xcassets */ = {isa = PBXFileReference; lastKnownFileType = folder.assetcatalog; path = Assets.xcassets; sourceTree = "<group>"; };
		CAEA864029891B1A00796DAD /* Base */ = {isa = PBXFileReference; lastKnownFileType = file.storyboard; name = Base; path = Base.lproj/LaunchScreen.storyboard; sourceTree = "<group>"; };
		CAEA864229891B1A00796DAD /* Info.plist */ = {isa = PBXFileReference; lastKnownFileType = text.plist.xml; path = Info.plist; sourceTree = "<group>"; };
		CAEA864829891C2F00796DAD /* MemoryCell.swift */ = {isa = PBXFileReference; lastKnownFileType = sourcecode.swift; path = MemoryCell.swift; sourceTree = "<group>"; };
		CAEA864A29891C5500796DAD /* DetailViewController.swift */ = {isa = PBXFileReference; lastKnownFileType = sourcecode.swift; path = DetailViewController.swift; sourceTree = "<group>"; };
		CAEA864C29891C6A00796DAD /* Memory.swift */ = {isa = PBXFileReference; lastKnownFileType = sourcecode.swift; path = Memory.swift; sourceTree = "<group>"; };
/* End PBXFileReference section */

/* Begin PBXFrameworksBuildPhase section */
		CAEA862E29891B1900796DAD /* Frameworks */ = {
			isa = PBXFrameworksBuildPhase;
			buildActionMask = 2147483647;
			files = (
			);
			runOnlyForDeploymentPostprocessing = 0;
		};
/* End PBXFrameworksBuildPhase section */

/* Begin PBXGroup section */
		CAEA862829891B1900796DAD = {
			isa = PBXGroup;
			children = (
				CAEA863329891B1900796DAD /* Day50_Milestone */,
				CAEA863229891B1900796DAD /* Products */,
			);
			sourceTree = "<group>";
		};
		CAEA863229891B1900796DAD /* Products */ = {
			isa = PBXGroup;
			children = (
				CAEA863129891B1900796DAD /* Day50_Milestone.app */,
			);
			name = Products;
			sourceTree = "<group>";
		};
		CAEA863329891B1900796DAD /* Day50_Milestone */ = {
			isa = PBXGroup;
			children = (
				CAEA863429891B1900796DAD /* AppDelegate.swift */,
				CAEA863629891B1900796DAD /* SceneDelegate.swift */,
				CAEA863829891B1900796DAD /* ViewController.swift */,
				CAEA863A29891B1900796DAD /* Main.storyboard */,
				CAEA864A29891C5500796DAD /* DetailViewController.swift */,
				CAEA864C29891C6A00796DAD /* Memory.swift */,
				CAEA864829891C2F00796DAD /* MemoryCell.swift */,
				CAEA863D29891B1A00796DAD /* Assets.xcassets */,
				CAEA863F29891B1A00796DAD /* LaunchScreen.storyboard */,
				CAEA864229891B1A00796DAD /* Info.plist */,
			);
			path = Day50_Milestone;
			sourceTree = "<group>";
		};
/* End PBXGroup section */

/* Begin PBXNativeTarget section */
		CAEA863029891B1900796DAD /* Day50_Milestone */ = {
			isa = PBXNativeTarget;
			buildConfigurationList = CAEA864529891B1A00796DAD /* Build configuration list for PBXNativeTarget "Day50_Milestone" */;
			buildPhases = (
				CAEA862D29891B1900796DAD /* Sources */,
				CAEA862E29891B1900796DAD /* Frameworks */,
				CAEA862F29891B1900796DAD /* Resources */,
			);
			buildRules = (
			);
			dependencies = (
			);
			name = Day50_Milestone;
			productName = Day50_Milestone;
			productReference = CAEA863129891B1900796DAD /* Day50_Milestone.app */;
			productType = "com.apple.product-type.application";
		};
/* End PBXNativeTarget section */

/* Begin PBXProject section */
		CAEA862929891B1900796DAD /* Project object */ = {
			isa = PBXProject;
			attributes = {
				LastSwiftUpdateCheck = 1250;
				LastUpgradeCheck = 1250;
				TargetAttributes = {
					CAEA863029891B1900796DAD = {
						CreatedOnToolsVersion = 12.5.1;
					};
				};
			};
			buildConfigurationList = CAEA862C29891B1900796DAD /* Build configuration list for PBXProject "Day50_Milestone" */;
			compatibilityVersion = "Xcode 9.3";
			developmentRegion = en;
			hasScannedForEncodings = 0;
			knownRegions = (
				en,
				Base,
			);
			mainGroup = CAEA862829891B1900796DAD;
			productRefGroup = CAEA863229891B1900796DAD /* Products */;
			projectDirPath = "";
			projectRoot = "";
			targets = (
				CAEA863029891B1900796DAD /* Day50_Milestone */,
			);
		};
/* End PBXProject section */

/* Begin PBXResourcesBuildPhase section */
		CAEA862F29891B1900796DAD /* Resources */ = {
			isa = PBXResourcesBuildPhase;
			buildActionMask = 2147483647;
			files = (
				CAEA864129891B1A00796DAD /* LaunchScreen.storyboard in Resources */,
				CAEA863E29891B1A00796DAD /* Assets.xcassets in Resources */,
				CAEA863C29891B1900796DAD /* Main.storyboard in Resources */,
			);
			runOnlyForDeploymentPostprocessing = 0;
		};
/* End PBXResourcesBuildPhase section */

/* Begin PBXSourcesBuildPhase section */
		CAEA862D29891B1900796DAD /* Sources */ = {
			isa = PBXSourcesBuildPhase;
			buildActionMask = 2147483647;
			files = (
				CAEA864D29891C6A00796DAD /* Memory.swift in Sources */,
				CAEA864929891C2F00796DAD /* MemoryCell.swift in Sources */,
				CAEA863929891B1900796DAD /* ViewController.swift in Sources */,
				CAEA864B29891C5500796DAD /* DetailViewController.swift in Sources */,
				CAEA863529891B1900796DAD /* AppDelegate.swift in Sources */,
				CAEA863729891B1900796DAD /* SceneDelegate.swift in Sources */,
			);
			runOnlyForDeploymentPostprocessing = 0;
		};
/* End PBXSourcesBuildPhase section */

/* Begin PBXVariantGroup section */
		CAEA863A29891B1900796DAD /* Main.storyboard */ = {
			isa = PBXVariantGroup;
			children = (
				CAEA863B29891B1900796DAD /* Base */,
			);
			name = Main.storyboard;
			sourceTree = "<group>";
		};
		CAEA863F29891B1A00796DAD /* LaunchScreen.storyboard */ = {
			isa = PBXVariantGroup;
			children = (
				CAEA864029891B1A00796DAD /* Base */,
			);
			name = LaunchScreen.storyboard;
			sourceTree = "<group>";
		};
/* End PBXVariantGroup section */

/* Begin XCBuildConfiguration section */
		CAEA864329891B1A00796DAD /* Debug */ = {
			isa = XCBuildConfiguration;
			buildSettings = {
				ALWAYS_SEARCH_USER_PATHS = NO;
				CLANG_ANALYZER_NONNULL = YES;
				CLANG_ANALYZER_NUMBER_OBJECT_CONVERSION = YES_AGGRESSIVE;
				CLANG_CXX_LANGUAGE_STANDARD = "gnu++14";
				CLANG_CXX_LIBRARY = "libc++";
				CLANG_ENABLE_MODULES = YES;
				CLANG_ENABLE_OBJC_ARC = YES;
				CLANG_ENABLE_OBJC_WEAK = YES;
				CLANG_WARN_BLOCK_CAPTURE_AUTORELEASING = YES;
				CLANG_WARN_BOOL_CONVERSION = YES;
				CLANG_WARN_COMMA = YES;
				CLANG_WARN_CONSTANT_CONVERSION = YES;
				CLANG_WARN_DEPRECATED_OBJC_IMPLEMENTATIONS = YES;
				CLANG_WARN_DIRECT_OBJC_ISA_USAGE = YES_ERROR;
				CLANG_WARN_DOCUMENTATION_COMMENTS = YES;
				CLANG_WARN_EMPTY_BODY = YES;
				CLANG_WARN_ENUM_CONVERSION = YES;
				CLANG_WARN_INFINITE_RECURSION = YES;
				CLANG_WARN_INT_CONVERSION = YES;
				CLANG_WARN_NON_LITERAL_NULL_CONVERSION = YES;
				CLANG_WARN_OBJC_IMPLICIT_RETAIN_SELF = YES;
				CLANG_WARN_OBJC_LITERAL_CONVERSION = YES;
				CLANG_WARN_OBJC_ROOT_CLASS = YES_ERROR;
				CLANG_WARN_QUOTED_INCLUDE_IN_FRAMEWORK_HEADER = YES;
				CLANG_WARN_RANGE_LOOP_ANALYSIS = YES;
				CLANG_WARN_STRICT_PROTOTYPES = YES;
				CLANG_WARN_SUSPICIOUS_MOVE = YES;
				CLANG_WARN_UNGUARDED_AVAILABILITY = YES_AGGRESSIVE;
				CLANG_WARN_UNREACHABLE_CODE = YES;
				CLANG_WARN__DUPLICATE_METHOD_MATCH = YES;
				COPY_PHASE_STRIP = NO;
				DEBUG_INFORMATION_FORMAT = dwarf;
				ENABLE_STRICT_OBJC_MSGSEND = YES;
				ENABLE_TESTABILITY = YES;
				GCC_C_LANGUAGE_STANDARD = gnu11;
				GCC_DYNAMIC_NO_PIC = NO;
				GCC_NO_COMMON_BLOCKS = YES;
				GCC_OPTIMIZATION_LEVEL = 0;
				GCC_PREPROCESSOR_DEFINITIONS = (
					"DEBUG=1",
					"$(inherited)",
				);
				GCC_WARN_64_TO_32_BIT_CONVERSION = YES;
				GCC_WARN_ABOUT_RETURN_TYPE = YES_ERROR;
				GCC_WARN_UNDECLARED_SELECTOR = YES;
				GCC_WARN_UNINITIALIZED_AUTOS = YES_AGGRESSIVE;
				GCC_WARN_UNUSED_FUNCTION = YES;
				GCC_WARN_UNUSED_VARIABLE = YES;
				IPHONEOS_DEPLOYMENT_TARGET = 14.5;
				MTL_ENABLE_DEBUG_INFO = INCLUDE_SOURCE;
				MTL_FAST_MATH = YES;
				ONLY_ACTIVE_ARCH = YES;
				SDKROOT = iphoneos;
				SWIFT_ACTIVE_COMPILATION_CONDITIONS = DEBUG;
				SWIFT_OPTIMIZATION_LEVEL = "-Onone";
			};
			name = Debug;
		};
		CAEA864429891B1A00796DAD /* Release */ = {
			isa = XCBuildConfiguration;
			buildSettings = {
				ALWAYS_SEARCH_USER_PATHS = NO;
				CLANG_ANALYZER_NONNULL = YES;
				CLANG_ANALYZER_NUMBER_OBJECT_CONVERSION = YES_AGGRESSIVE;
				CLANG_CXX_LANGUAGE_STANDARD = "gnu++14";
				CLANG_CXX_LIBRARY = "libc++";
				CLANG_ENABLE_MODULES = YES;
				CLANG_ENABLE_OBJC_ARC = YES;
				CLANG_ENABLE_OBJC_WEAK = YES;
				CLANG_WARN_BLOCK_CAPTURE_AUTORELEASING = YES;
				CLANG_WARN_BOOL_CONVERSION = YES;
				CLANG_WARN_COMMA = YES;
				CLANG_WARN_CONSTANT_CONVERSION = YES;
				CLANG_WARN_DEPRECATED_OBJC_IMPLEMENTATIONS = YES;
				CLANG_WARN_DIRECT_OBJC_ISA_USAGE = YES_ERROR;
				CLANG_WARN_DOCUMENTATION_COMMENTS = YES;
				CLANG_WARN_EMPTY_BODY = YES;
				CLANG_WARN_ENUM_CONVERSION = YES;
				CLANG_WARN_INFINITE_RECURSION = YES;
				CLANG_WARN_INT_CONVERSION = YES;
				CLANG_WARN_NON_LITERAL_NULL_CONVERSION = YES;
				CLANG_WARN_OBJC_IMPLICIT_RETAIN_SELF = YES;
				CLANG_WARN_OBJC_LITERAL_CONVERSION = YES;
				CLANG_WARN_OBJC_ROOT_CLASS = YES_ERROR;
				CLANG_WARN_QUOTED_INCLUDE_IN_FRAMEWORK_HEADER = YES;
				CLANG_WARN_RANGE_LOOP_ANALYSIS = YES;
				CLANG_WARN_STRICT_PROTOTYPES = YES;
				CLANG_WARN_SUSPICIOUS_MOVE = YES;
				CLANG_WARN_UNGUARDED_AVAILABILITY = YES_AGGRESSIVE;
				CLANG_WARN_UNREACHABLE_CODE = YES;
				CLANG_WARN__DUPLICATE_METHOD_MATCH = YES;
				COPY_PHASE_STRIP = NO;
				DEBUG_INFORMATION_FORMAT = "dwarf-with-dsym";
				ENABLE_NS_ASSERTIONS = NO;
				ENABLE_STRICT_OBJC_MSGSEND = YES;
				GCC_C_LANGUAGE_STANDARD = gnu11;
				GCC_NO_COMMON_BLOCKS = YES;
				GCC_WARN_64_TO_32_BIT_CONVERSION = YES;
				GCC_WARN_ABOUT_RETURN_TYPE = YES_ERROR;
				GCC_WARN_UNDECLARED_SELECTOR = YES;
				GCC_WARN_UNINITIALIZED_AUTOS = YES_AGGRESSIVE;
				GCC_WARN_UNUSED_FUNCTION = YES;
				GCC_WARN_UNUSED_VARIABLE = YES;
				IPHONEOS_DEPLOYMENT_TARGET = 14.5;
				MTL_ENABLE_DEBUG_INFO = NO;
				MTL_FAST_MATH = YES;
				SDKROOT = iphoneos;
				SWIFT_COMPILATION_MODE = wholemodule;
				SWIFT_OPTIMIZATION_LEVEL = "-O";
				VALIDATE_PRODUCT = YES;
			};
			name = Release;
		};
		CAEA864629891B1A00796DAD /* Debug */ = {
			isa = XCBuildConfiguration;
			buildSettings = {
				ASSETCATALOG_COMPILER_APPICON_NAME = AppIcon;
				ASSETCATALOG_COMPILER_GLOBAL_ACCENT_COLOR_NAME = AccentColor;
				CODE_SIGN_STYLE = Automatic;
				INFOPLIST_FILE = Day50_Milestone/Info.plist;
				LD_RUNPATH_SEARCH_PATHS = (
					"$(inherited)",
					"@executable_path/Frameworks",
				);
				PRODUCT_BUNDLE_IDENTIFIER = "almas.Day50-Milestone";
				PRODUCT_NAME = "$(TARGET_NAME)";
				SWIFT_VERSION = 5.0;
				TARGETED_DEVICE_FAMILY = "1,2";
			};
			name = Debug;
		};
		CAEA864729891B1A00796DAD /* Release */ = {
			isa = XCBuildConfiguration;
			buildSettings = {
				ASSETCATALOG_COMPILER_APPICON_NAME = AppIcon;
				ASSETCATALOG_COMPILER_GLOBAL_ACCENT_COLOR_NAME = AccentColor;
				CODE_SIGN_STYLE = Automatic;
				INFOPLIST_FILE = Day50_Milestone/Info.plist;
				LD_RUNPATH_SEARCH_PATHS = (
					"$(inherited)",
					"@executable_path/Frameworks",
				);
				PRODUCT_BUNDLE_IDENTIFIER = "almas.Day50-Milestone";
				PRODUCT_NAME = "$(TARGET_NAME)";
				SWIFT_VERSION = 5.0;
				TARGETED_DEVICE_FAMILY = "1,2";
			};
			name = Release;
		};
/* End XCBuildConfiguration section */

/* Begin XCConfigurationList section */
		CAEA862C29891B1900796DAD /* Build configuration list for PBXProject "Day50_Milestone" */ = {
			isa = XCConfigurationList;
			buildConfigurations = (
				CAEA864329891B1A00796DAD /* Debug */,
				CAEA864429891B1A00796DAD /* Release */,
			);
			defaultConfigurationIsVisible = 0;
			defaultConfigurationName = Release;
		};
		CAEA864529891B1A00796DAD /* Build configuration list for PBXNativeTarget "Day50_Milestone" */ = {
			isa = XCConfigurationList;
			buildConfigurations = (
				CAEA864629891B1A00796DAD /* Debug */,
				CAEA864729891B1A00796DAD /* Release */,
			);
			defaultConfigurationIsVisible = 0;
			defaultConfigurationName = Release;
		};
/* End XCConfigurationList section */
	};
	rootObject = CAEA862929891B1900796DAD /* Project object */;
}
